
Microsoft Visual Studio Solution File, Format Version 11.00
# Visual Studio 2010
Project("{8BC9CEB8-8B4A-11D0-8D11-00A0C91BC942}") = "OpenGL_Lab_6", "lab6-shadowmaps\OpenGL_Lab6.vcxproj", "{E11652DE-4E11-40CB-9B11-193DBAE82E2F}"
EndProject
Project("{8BC9CEB8-8B4A-11D0-8D11-00A0C91BC942}") = "glutil", "glutil\glutil.vcxproj", "{C990FBAA-1445-4283-A649-DF1F4B551E85}"
EndProject
Global
	GlobalSection(SolutionConfigurationPlatforms) = preSolution
		Debug|Win32 = Debug|Win32
		Release|Win32 = Release|Win32
	EndGlobalSection
	GlobalSection(ProjectConfigurationPlatforms) = postSolution
		{E11652DE-4E11-40CB-9B11-193DBAE82E2F}.Debug|Win32.ActiveCfg = Debug|Win32
		{E11652DE-4E11-40CB-9B11-193DBAE82E2F}.Debug|Win32.Build.0 = Debug|Win32
		{E11652DE-4E11-40CB-9B11-193DBAE82E2F}.Release|Win32.ActiveCfg = Release|Win32
		{E11652DE-4E11-40CB-9B11-193DBAE82E2F}.Release|Win32.Build.0 = Release|Win32
		{C990FBAA-1445-4283-A649-DF1F4B551E85}.Debug|Win32.ActiveCfg = Debug|Win32
		{C990FBAA-1445-4283-A649-DF1F4B551E85}.Debug|Win32.Build.0 = Debug|Win32
		{C990FBAA-1445-4283-A649-DF1F4B551E85}.Release|Win32.ActiveCfg = Release|Win32
		{C990FBAA-1445-4283-A649-DF1F4B551E85}.Release|Win32.Build.0 = Release|Win32
	EndGlobalSection
	GlobalSection(SolutionProperties) = preSolution
		HideSolutionNode = FALSE
	EndGlobalSection
EndGlobal
